// !$*UTF8*$!
{
	archiveVersion = 1;
	classes = {
	};
	objectVersion = 48;
	objects = {

/* Begin PBXBuildFile section */
		C18A6E551FFEA5EC00A9879E /* AppDelegate.swift in Sources */ = {isa = PBXBuildFile; fileRef = C18A6E541FFEA5EC00A9879E /* AppDelegate.swift */; };
		C18A6E571FFEA5EC00A9879E /* ViewController.swift in Sources */ = {isa = PBXBuildFile; fileRef = C18A6E561FFEA5EC00A9879E /* ViewController.swift */; };
		C18A6E5A1FFEA5EC00A9879E /* Main.storyboard in Resources */ = {isa = PBXBuildFile; fileRef = C18A6E581FFEA5EC00A9879E /* Main.storyboard */; };
		C18A6E5D1FFEA5EC00A9879E /* Homebugh.xcdatamodeld in Sources */ = {isa = PBXBuildFile; fileRef = C18A6E5B1FFEA5EC00A9879E /* Homebugh.xcdatamodeld */; };
		C18A6E5F1FFEA5EC00A9879E /* Assets.xcassets in Resources */ = {isa = PBXBuildFile; fileRef = C18A6E5E1FFEA5EC00A9879E /* Assets.xcassets */; };
		C18A6E621FFEA5EC00A9879E /* LaunchScreen.storyboard in Resources */ = {isa = PBXBuildFile; fileRef = C18A6E601FFEA5EC00A9879E /* LaunchScreen.storyboard */; };
		C18A6E6D1FFEA5EC00A9879E /* HomebughTests.swift in Sources */ = {isa = PBXBuildFile; fileRef = C18A6E6C1FFEA5EC00A9879E /* HomebughTests.swift */; };
		C18A6E781FFEA5EC00A9879E /* HomebughUITests.swift in Sources */ = {isa = PBXBuildFile; fileRef = C18A6E771FFEA5EC00A9879E /* HomebughUITests.swift */; };
/* End PBXBuildFile section */

/* Begin PBXContainerItemProxy section */
		C18A6E691FFEA5EC00A9879E /* PBXContainerItemProxy */ = {
			isa = PBXContainerItemProxy;
			containerPortal = C18A6E491FFEA5EC00A9879E /* Project object */;
			proxyType = 1;
			remoteGlobalIDString = C18A6E501FFEA5EC00A9879E;
			remoteInfo = Homebugh;
		};
		C18A6E741FFEA5EC00A9879E /* PBXContainerItemProxy */ = {
			isa = PBXContainerItemProxy;
			containerPortal = C18A6E491FFEA5EC00A9879E /* Project object */;
			proxyType = 1;
			remoteGlobalIDString = C18A6E501FFEA5EC00A9879E;
			remoteInfo = Homebugh;
		};
/* End PBXContainerItemProxy section */

/* Begin PBXFileReference section */
		C18A6E511FFEA5EC00A9879E /* Homebugh.app */ = {isa = PBXFileReference; explicitFileType = wrapper.application; includeInIndex = 0; path = Homebugh.app; sourceTree = BUILT_PRODUCTS_DIR; };
		C18A6E541FFEA5EC00A9879E /* AppDelegate.swift */ = {isa = PBXFileReference; lastKnownFileType = sourcecode.swift; path = AppDelegate.swift; sourceTree = "<group>"; };
		C18A6E561FFEA5EC00A9879E /* ViewController.swift */ = {isa = PBXFileReference; lastKnownFileType = sourcecode.swift; path = ViewController.swift; sourceTree = "<group>"; };
		C18A6E591FFEA5EC00A9879E /* Base */ = {isa = PBXFileReference; lastKnownFileType = file.storyboard; name = Base; path = Base.lproj/Main.storyboard; sourceTree = "<group>"; };
		C18A6E5C1FFEA5EC00A9879E /* Homebugh.xcdatamodel */ = {isa = PBXFileReference; lastKnownFileType = wrapper.xcdatamodel; path = Homebugh.xcdatamodel; sourceTree = "<group>"; };
		C18A6E5E1FFEA5EC00A9879E /* Assets.xcassets */ = {isa = PBXFileReference; lastKnownFileType = folder.assetcatalog; path = Assets.xcassets; sourceTree = "<group>"; };
		C18A6E611FFEA5EC00A9879E /* Base */ = {isa = PBXFileReference; lastKnownFileType = file.storyboard; name = Base; path = Base.lproj/LaunchScreen.storyboard; sourceTree = "<group>"; };
		C18A6E631FFEA5EC00A9879E /* Info.plist */ = {isa = PBXFileReference; lastKnownFileType = text.plist.xml; path = Info.plist; sourceTree = "<group>"; };
		C18A6E681FFEA5EC00A9879E /* HomebughTests.xctest */ = {isa = PBXFileReference; explicitFileType = wrapper.cfbundle; includeInIndex = 0; path = HomebughTests.xctest; sourceTree = BUILT_PRODUCTS_DIR; };
		C18A6E6C1FFEA5EC00A9879E /* HomebughTests.swift */ = {isa = PBXFileReference; lastKnownFileType = sourcecode.swift; path = HomebughTests.swift; sourceTree = "<group>"; };
		C18A6E6E1FFEA5EC00A9879E /* Info.plist */ = {isa = PBXFileReference; lastKnownFileType = text.plist.xml; path = Info.plist; sourceTree = "<group>"; };
		C18A6E731FFEA5EC00A9879E /* HomebughUITests.xctest */ = {isa = PBXFileReference; explicitFileType = wrapper.cfbundle; includeInIndex = 0; path = HomebughUITests.xctest; sourceTree = BUILT_PRODUCTS_DIR; };
		C18A6E771FFEA5EC00A9879E /* HomebughUITests.swift */ = {isa = PBXFileReference; lastKnownFileType = sourcecode.swift; path = HomebughUITests.swift; sourceTree = "<group>"; };
		C18A6E791FFEA5EC00A9879E /* Info.plist */ = {isa = PBXFileReference; lastKnownFileType = text.plist.xml; path = Info.plist; sourceTree = "<group>"; };
		C18A6E851FFEA64800A9879E /* README.md */ = {isa = PBXFileReference; lastKnownFileType = net.daringfireball.markdown; path = README.md; sourceTree = "<group>"; };
/* End PBXFileReference section */

/* Begin PBXFrameworksBuildPhase section */
		C18A6E4E1FFEA5EC00A9879E /* Frameworks */ = {
			isa = PBXFrameworksBuildPhase;
			buildActionMask = 2147483647;
			files = (
			);
			runOnlyForDeploymentPostprocessing = 0;
		};
		C18A6E651FFEA5EC00A9879E /* Frameworks */ = {
			isa = PBXFrameworksBuildPhase;
			buildActionMask = 2147483647;
			files = (
			);
			runOnlyForDeploymentPostprocessing = 0;
		};
		C18A6E701FFEA5EC00A9879E /* Frameworks */ = {
			isa = PBXFrameworksBuildPhase;
			buildActionMask = 2147483647;
			files = (
			);
			runOnlyForDeploymentPostprocessing = 0;
		};
/* End PBXFrameworksBuildPhase section */

/* Begin PBXGroup section */
		C18A6E481FFEA5EB00A9879E = {
			isa = PBXGroup;
			children = (
				C18A6E851FFEA64800A9879E /* README.md */,
				C18A6E531FFEA5EC00A9879E /* Homebugh */,
				C18A6E6B1FFEA5EC00A9879E /* HomebughTests */,
				C18A6E761FFEA5EC00A9879E /* HomebughUITests */,
				C18A6E521FFEA5EC00A9879E /* Products */,
			);
			sourceTree = "<group>";
		};
		C18A6E521FFEA5EC00A9879E /* Products */ = {
			isa = PBXGroup;
			children = (
				C18A6E511FFEA5EC00A9879E /* Homebugh.app */,
				C18A6E681FFEA5EC00A9879E /* HomebughTests.xctest */,
				C18A6E731FFEA5EC00A9879E /* HomebughUITests.xctest */,
			);
			name = Products;
			sourceTree = "<group>";
		};
		C18A6E531FFEA5EC00A9879E /* Homebugh */ = {
			isa = PBXGroup;
			children = (
				C18A6E541FFEA5EC00A9879E /* AppDelegate.swift */,
				C18A6E561FFEA5EC00A9879E /* ViewController.swift */,
				C18A6E581FFEA5EC00A9879E /* Main.storyboard */,
				C18A6E5E1FFEA5EC00A9879E /* Assets.xcassets */,
				C18A6E601FFEA5EC00A9879E /* LaunchScreen.storyboard */,
				C18A6E631FFEA5EC00A9879E /* Info.plist */,
				C18A6E5B1FFEA5EC00A9879E /* Homebugh.xcdatamodeld */,
			);
			path = Homebugh;
			sourceTree = "<group>";
		};
		C18A6E6B1FFEA5EC00A9879E /* HomebughTests */ = {
			isa = PBXGroup;
			children = (
				C18A6E6C1FFEA5EC00A9879E /* HomebughTests.swift */,
				C18A6E6E1FFEA5EC00A9879E /* Info.plist */,
			);
			path = HomebughTests;
			sourceTree = "<group>";
		};
		C18A6E761FFEA5EC00A9879E /* HomebughUITests */ = {
			isa = PBXGroup;
			children = (
				C18A6E771FFEA5EC00A9879E /* HomebughUITests.swift */,
				C18A6E791FFEA5EC00A9879E /* Info.plist */,
			);
			path = HomebughUITests;
			sourceTree = "<group>";
		};
/* End PBXGroup section */

/* Begin PBXNativeTarget section */
		C18A6E501FFEA5EC00A9879E /* Homebugh */ = {
			isa = PBXNativeTarget;
			buildConfigurationList = C18A6E7C1FFEA5EC00A9879E /* Build configuration list for PBXNativeTarget "Homebugh" */;
			buildPhases = (
				C18A6E4D1FFEA5EC00A9879E /* Sources */,
				C18A6E4E1FFEA5EC00A9879E /* Frameworks */,
				C18A6E4F1FFEA5EC00A9879E /* Resources */,
			);
			buildRules = (
			);
			dependencies = (
			);
			name = Homebugh;
			productName = Homebugh;
			productReference = C18A6E511FFEA5EC00A9879E /* Homebugh.app */;
			productType = "com.apple.product-type.application";
		};
		C18A6E671FFEA5EC00A9879E /* HomebughTests */ = {
			isa = PBXNativeTarget;
			buildConfigurationList = C18A6E7F1FFEA5EC00A9879E /* Build configuration list for PBXNativeTarget "HomebughTests" */;
			buildPhases = (
				C18A6E641FFEA5EC00A9879E /* Sources */,
				C18A6E651FFEA5EC00A9879E /* Frameworks */,
				C18A6E661FFEA5EC00A9879E /* Resources */,
			);
			buildRules = (
			);
			dependencies = (
				C18A6E6A1FFEA5EC00A9879E /* PBXTargetDependency */,
			);
			name = HomebughTests;
			productName = HomebughTests;
			productReference = C18A6E681FFEA5EC00A9879E /* HomebughTests.xctest */;
			productType = "com.apple.product-type.bundle.unit-test";
		};
		C18A6E721FFEA5EC00A9879E /* HomebughUITests */ = {
			isa = PBXNativeTarget;
			buildConfigurationList = C18A6E821FFEA5EC00A9879E /* Build configuration list for PBXNativeTarget "HomebughUITests" */;
			buildPhases = (
				C18A6E6F1FFEA5EC00A9879E /* Sources */,
				C18A6E701FFEA5EC00A9879E /* Frameworks */,
				C18A6E711FFEA5EC00A9879E /* Resources */,
			);
			buildRules = (
			);
			dependencies = (
				C18A6E751FFEA5EC00A9879E /* PBXTargetDependency */,
			);
			name = HomebughUITests;
			productName = HomebughUITests;
			productReference = C18A6E731FFEA5EC00A9879E /* HomebughUITests.xctest */;
			productType = "com.apple.product-type.bundle.ui-testing";
		};
/* End PBXNativeTarget section */

/* Begin PBXProject section */
		C18A6E491FFEA5EC00A9879E /* Project object */ = {
			isa = PBXProject;
			attributes = {
				LastSwiftUpdateCheck = 0920;
				LastUpgradeCheck = 0920;
				ORGANIZATIONNAME = "Nataly Tatarintseva";
				TargetAttributes = {
					C18A6E501FFEA5EC00A9879E = {
						CreatedOnToolsVersion = 9.2;
						ProvisioningStyle = Automatic;
					};
					C18A6E671FFEA5EC00A9879E = {
						CreatedOnToolsVersion = 9.2;
						ProvisioningStyle = Automatic;
						TestTargetID = C18A6E501FFEA5EC00A9879E;
					};
					C18A6E721FFEA5EC00A9879E = {
						CreatedOnToolsVersion = 9.2;
						ProvisioningStyle = Automatic;
						TestTargetID = C18A6E501FFEA5EC00A9879E;
					};
				};
			};
			buildConfigurationList = C18A6E4C1FFEA5EC00A9879E /* Build configuration list for PBXProject "Homebugh" */;
			compatibilityVersion = "Xcode 8.0";
			developmentRegion = en;
			hasScannedForEncodings = 0;
			knownRegions = (
				en,
				Base,
			);
			mainGroup = C18A6E481FFEA5EB00A9879E;
			productRefGroup = C18A6E521FFEA5EC00A9879E /* Products */;
			projectDirPath = "";
			projectRoot = "";
			targets = (
				C18A6E501FFEA5EC00A9879E /* Homebugh */,
				C18A6E671FFEA5EC00A9879E /* HomebughTests */,
				C18A6E721FFEA5EC00A9879E /* HomebughUITests */,
			);
		};
/* End PBXProject section */

/* Begin PBXResourcesBuildPhase section */
		C18A6E4F1FFEA5EC00A9879E /* Resources */ = {
			isa = PBXResourcesBuildPhase;
			buildActionMask = 2147483647;
			files = (
				C18A6E621FFEA5EC00A9879E /* LaunchScreen.storyboard in Resources */,
				C18A6E5F1FFEA5EC00A9879E /* Assets.xcassets in Resources */,
				C18A6E5A1FFEA5EC00A9879E /* Main.storyboard in Resources */,
			);
			runOnlyForDeploymentPostprocessing = 0;
		};
		C18A6E661FFEA5EC00A9879E /* Resources */ = {
			isa = PBXResourcesBuildPhase;
			buildActionMask = 2147483647;
			files = (
			);
			runOnlyForDeploymentPostprocessing = 0;
		};
		C18A6E711FFEA5EC00A9879E /* Resources */ = {
			isa = PBXResourcesBuildPhase;
			buildActionMask = 2147483647;
			files = (
			);
			runOnlyForDeploymentPostprocessing = 0;
		};
/* End PBXResourcesBuildPhase section */

/* Begin PBXSourcesBuildPhase section */
		C18A6E4D1FFEA5EC00A9879E /* Sources */ = {
			isa = PBXSourcesBuildPhase;
			buildActionMask = 2147483647;
			files = (
				C18A6E571FFEA5EC00A9879E /* ViewController.swift in Sources */,
				C18A6E5D1FFEA5EC00A9879E /* Homebugh.xcdatamodeld in Sources */,
				C18A6E551FFEA5EC00A9879E /* AppDelegate.swift in Sources */,
			);
			runOnlyForDeploymentPostprocessing = 0;
		};
		C18A6E641FFEA5EC00A9879E /* Sources */ = {
			isa = PBXSourcesBuildPhase;
			buildActionMask = 2147483647;
			files = (
				C18A6E6D1FFEA5EC00A9879E /* HomebughTests.swift in Sources */,
			);
			runOnlyForDeploymentPostprocessing = 0;
		};
		C18A6E6F1FFEA5EC00A9879E /* Sources */ = {
			isa = PBXSourcesBuildPhase;
			buildActionMask = 2147483647;
			files = (
				C18A6E781FFEA5EC00A9879E /* HomebughUITests.swift in Sources */,
			);
			runOnlyForDeploymentPostprocessing = 0;
		};
/* End PBXSourcesBuildPhase section */

/* Begin PBXTargetDependency section */
		C18A6E6A1FFEA5EC00A9879E /* PBXTargetDependency */ = {
			isa = PBXTargetDependency;
			target = C18A6E501FFEA5EC00A9879E /* Homebugh */;
			targetProxy = C18A6E691FFEA5EC00A9879E /* PBXContainerItemProxy */;
		};
		C18A6E751FFEA5EC00A9879E /* PBXTargetDependency */ = {
			isa = PBXTargetDependency;
			target = C18A6E501FFEA5EC00A9879E /* Homebugh */;
			targetProxy = C18A6E741FFEA5EC00A9879E /* PBXContainerItemProxy */;
		};
/* End PBXTargetDependency section */

/* Begin PBXVariantGroup section */
		C18A6E581FFEA5EC00A9879E /* Main.storyboard */ = {
			isa = PBXVariantGroup;
			children = (
				C18A6E591FFEA5EC00A9879E /* Base */,
			);
			name = Main.storyboard;
			sourceTree = "<group>";
		};
		C18A6E601FFEA5EC00A9879E /* LaunchScreen.storyboard */ = {
			isa = PBXVariantGroup;
			children = (
				C18A6E611FFEA5EC00A9879E /* Base */,
			);
			name = LaunchScreen.storyboard;
			sourceTree = "<group>";
		};
/* End PBXVariantGroup section */

/* Begin XCBuildConfiguration section */
		C18A6E7A1FFEA5EC00A9879E /* Debug */ = {
			isa = XCBuildConfiguration;
			buildSettings = {
				ALWAYS_SEARCH_USER_PATHS = NO;
				CLANG_ANALYZER_NONNULL = YES;
				CLANG_ANALYZER_NUMBER_OBJECT_CONVERSION = YES_AGGRESSIVE;
				CLANG_CXX_LANGUAGE_STANDARD = "gnu++14";
				CLANG_CXX_LIBRARY = "libc++";
				CLANG_ENABLE_MODULES = YES;
				CLANG_ENABLE_OBJC_ARC = YES;
				CLANG_WARN_BLOCK_CAPTURE_AUTORELEASING = YES;
				CLANG_WARN_BOOL_CONVERSION = YES;
				CLANG_WARN_COMMA = YES;
				CLANG_WARN_CONSTANT_CONVERSION = YES;
				CLANG_WARN_DIRECT_OBJC_ISA_USAGE = YES_ERROR;
				CLANG_WARN_DOCUMENTATION_COMMENTS = YES;
				CLANG_WARN_EMPTY_BODY = YES;
				CLANG_WARN_ENUM_CONVERSION = YES;
				CLANG_WARN_INFINITE_RECURSION = YES;
				CLANG_WARN_INT_CONVERSION = YES;
				CLANG_WARN_NON_LITERAL_NULL_CONVERSION = YES;
				CLANG_WARN_OBJC_LITERAL_CONVERSION = YES;
				CLANG_WARN_OBJC_ROOT_CLASS = YES_ERROR;
				CLANG_WARN_RANGE_LOOP_ANALYSIS = YES;
				CLANG_WARN_STRICT_PROTOTYPES = YES;
				CLANG_WARN_SUSPICIOUS_MOVE = YES;
				CLANG_WARN_UNGUARDED_AVAILABILITY = YES_AGGRESSIVE;
				CLANG_WARN_UNREACHABLE_CODE = YES;
				CLANG_WARN__DUPLICATE_METHOD_MATCH = YES;
				CODE_SIGN_IDENTITY = "iPhone Developer";
				COPY_PHASE_STRIP = NO;
				DEBUG_INFORMATION_FORMAT = dwarf;
				ENABLE_STRICT_OBJC_MSGSEND = YES;
				ENABLE_TESTABILITY = YES;
				GCC_C_LANGUAGE_STANDARD = gnu11;
				GCC_DYNAMIC_NO_PIC = NO;
				GCC_NO_COMMON_BLOCKS = YES;
				GCC_OPTIMIZATION_LEVEL = 0;
				GCC_PREPROCESSOR_DEFINITIONS = (
					"DEBUG=1",
					"$(inherited)",
				);
				GCC_WARN_64_TO_32_BIT_CONVERSION = YES;
				GCC_WARN_ABOUT_RETURN_TYPE = YES_ERROR;
				GCC_WARN_UNDECLARED_SELECTOR = YES;
				GCC_WARN_UNINITIALIZED_AUTOS = YES_AGGRESSIVE;
				GCC_WARN_UNUSED_FUNCTION = YES;
				GCC_WARN_UNUSED_VARIABLE = YES;
				IPHONEOS_DEPLOYMENT_TARGET = 11.2;
				MTL_ENABLE_DEBUG_INFO = YES;
				ONLY_ACTIVE_ARCH = YES;
				SDKROOT = iphoneos;
				SWIFT_ACTIVE_COMPILATION_CONDITIONS = DEBUG;
				SWIFT_OPTIMIZATION_LEVEL = "-Onone";
			};
			name = Debug;
		};
		C18A6E7B1FFEA5EC00A9879E /* Release */ = {
			isa = XCBuildConfiguration;
			buildSettings = {
				ALWAYS_SEARCH_USER_PATHS = NO;
				CLANG_ANALYZER_NONNULL = YES;
				CLANG_ANALYZER_NUMBER_OBJECT_CONVERSION = YES_AGGRESSIVE;
				CLANG_CXX_LANGUAGE_STANDARD = "gnu++14";
				CLANG_CXX_LIBRARY = "libc++";
				CLANG_ENABLE_MODULES = YES;
				CLANG_ENABLE_OBJC_ARC = YES;
				CLANG_WARN_BLOCK_CAPTURE_AUTORELEASING = YES;
				CLANG_WARN_BOOL_CONVERSION = YES;
				CLANG_WARN_COMMA = YES;
				CLANG_WARN_CONSTANT_CONVERSION = YES;
				CLANG_WARN_DIRECT_OBJC_ISA_USAGE = YES_ERROR;
				CLANG_WARN_DOCUMENTATION_COMMENTS = YES;
				CLANG_WARN_EMPTY_BODY = YES;
				CLANG_WARN_ENUM_CONVERSION = YES;
				CLANG_WARN_INFINITE_RECURSION = YES;
				CLANG_WARN_INT_CONVERSION = YES;
				CLANG_WARN_NON_LITERAL_NULL_CONVERSION = YES;
				CLANG_WARN_OBJC_LITERAL_CONVERSION = YES;
				CLANG_WARN_OBJC_ROOT_CLASS = YES_ERROR;
				CLANG_WARN_RANGE_LOOP_ANALYSIS = YES;
				CLANG_WARN_STRICT_PROTOTYPES = YES;
				CLANG_WARN_SUSPICIOUS_MOVE = YES;
				CLANG_WARN_UNGUARDED_AVAILABILITY = YES_AGGRESSIVE;
				CLANG_WARN_UNREACHABLE_CODE = YES;
				CLANG_WARN__DUPLICATE_METHOD_MATCH = YES;
				CODE_SIGN_IDENTITY = "iPhone Developer";
				COPY_PHASE_STRIP = NO;
				DEBUG_INFORMATION_FORMAT = "dwarf-with-dsym";
				ENABLE_NS_ASSERTIONS = NO;
				ENABLE_STRICT_OBJC_MSGSEND = YES;
				GCC_C_LANGUAGE_STANDARD = gnu11;
				GCC_NO_COMMON_BLOCKS = YES;
				GCC_WARN_64_TO_32_BIT_CONVERSION = YES;
				GCC_WARN_ABOUT_RETURN_TYPE = YES_ERROR;
				GCC_WARN_UNDECLARED_SELECTOR = YES;
				GCC_WARN_UNINITIALIZED_AUTOS = YES_AGGRESSIVE;
				GCC_WARN_UNUSED_FUNCTION = YES;
				GCC_WARN_UNUSED_VARIABLE = YES;
				IPHONEOS_DEPLOYMENT_TARGET = 11.2;
				MTL_ENABLE_DEBUG_INFO = NO;
				SDKROOT = iphoneos;
				SWIFT_OPTIMIZATION_LEVEL = "-Owholemodule";
				VALIDATE_PRODUCT = YES;
			};
			name = Release;
		};
		C18A6E7D1FFEA5EC00A9879E /* Debug */ = {
			isa = XCBuildConfiguration;
			buildSettings = {
				ASSETCATALOG_COMPILER_APPICON_NAME = AppIcon;
				CODE_SIGN_STYLE = Automatic;
				DEVELOPMENT_TEAM = 9487RPB949;
				INFOPLIST_FILE = Homebugh/Info.plist;
				LD_RUNPATH_SEARCH_PATHS = "$(inherited) @executable_path/Frameworks";
				PRODUCT_BUNDLE_IDENTIFIER = com.example.Homebugh;
				PRODUCT_NAME = "$(TARGET_NAME)";
				SWIFT_VERSION = 4.0;
				TARGETED_DEVICE_FAMILY = "1,2";
			};
			name = Debug;
		};
		C18A6E7E1FFEA5EC00A9879E /* Release */ = {
			isa = XCBuildConfiguration;
			buildSettings = {
				ASSETCATALOG_COMPILER_APPICON_NAME = AppIcon;
				CODE_SIGN_STYLE = Automatic;
				DEVELOPMENT_TEAM = 9487RPB949;
				INFOPLIST_FILE = Homebugh/Info.plist;
				LD_RUNPATH_SEARCH_PATHS = "$(inherited) @executable_path/Frameworks";
				PRODUCT_BUNDLE_IDENTIFIER = com.example.Homebugh;
				PRODUCT_NAME = "$(TARGET_NAME)";
				SWIFT_VERSION = 4.0;
				TARGETED_DEVICE_FAMILY = "1,2";
			};
			name = Release;
		};
		C18A6E801FFEA5EC00A9879E /* Debug */ = {
			isa = XCBuildConfiguration;
			buildSettings = {
				ALWAYS_EMBED_SWIFT_STANDARD_LIBRARIES = YES;
				BUNDLE_LOADER = "$(TEST_HOST)";
				CODE_SIGN_STYLE = Automatic;
				INFOPLIST_FILE = HomebughTests/Info.plist;
				LD_RUNPATH_SEARCH_PATHS = "$(inherited) @executable_path/Frameworks @loader_path/Frameworks";
				PRODUCT_BUNDLE_IDENTIFIER = com.example.HomebughTests;
				PRODUCT_NAME = "$(TARGET_NAME)";
				SWIFT_VERSION = 4.0;
				TARGETED_DEVICE_FAMILY = "1,2";
				TEST_HOST = "$(BUILT_PRODUCTS_DIR)/Homebugh.app/Homebugh";
			};
			name = Debug;
		};
		C18A6E811FFEA5EC00A9879E /* Release */ = {
			isa = XCBuildConfiguration;
			buildSettings = {
				ALWAYS_EMBED_SWIFT_STANDARD_LIBRARIES = YES;
				BUNDLE_LOADER = "$(TEST_HOST)";
				CODE_SIGN_STYLE = Automatic;
				INFOPLIST_FILE = HomebughTests/Info.plist;
				LD_RUNPATH_SEARCH_PATHS = "$(inherited) @executable_path/Frameworks @loader_path/Frameworks";
				PRODUCT_BUNDLE_IDENTIFIER = com.example.HomebughTests;
				PRODUCT_NAME = "$(TARGET_NAME)";
				SWIFT_VERSION = 4.0;
				TARGETED_DEVICE_FAMILY = "1,2";
				TEST_HOST = "$(BUILT_PRODUCTS_DIR)/Homebugh.app/Homebugh";
			};
			name = Release;
		};
		C18A6E831FFEA5EC00A9879E /* Debug */ = {
			isa = XCBuildConfiguration;
			buildSettings = {
				ALWAYS_EMBED_SWIFT_STANDARD_LIBRARIES = YES;
				CODE_SIGN_STYLE = Automatic;
				INFOPLIST_FILE = HomebughUITests/Info.plist;
				LD_RUNPATH_SEARCH_PATHS = "$(inherited) @executable_path/Frameworks @loader_path/Frameworks";
				PRODUCT_BUNDLE_IDENTIFIER = com.example.HomebughUITests;
				PRODUCT_NAME = "$(TARGET_NAME)";
				SWIFT_VERSION = 4.0;
				TARGETED_DEVICE_FAMILY = "1,2";
				TEST_TARGET_NAME = Homebugh;
			};
			name = Debug;
		};
		C18A6E841FFEA5EC00A9879E /* Release */ = {
			isa = XCBuildConfiguration;
			buildSettings = {
				ALWAYS_EMBED_SWIFT_STANDARD_LIBRARIES = YES;
				CODE_SIGN_STYLE = Automatic;
				INFOPLIST_FILE = HomebughUITests/Info.plist;
				LD_RUNPATH_SEARCH_PATHS = "$(inherited) @executable_path/Frameworks @loader_path/Frameworks";
				PRODUCT_BUNDLE_IDENTIFIER = com.example.HomebughUITests;
				PRODUCT_NAME = "$(TARGET_NAME)";
				SWIFT_VERSION = 4.0;
				TARGETED_DEVICE_FAMILY = "1,2";
				TEST_TARGET_NAME = Homebugh;
			};
			name = Release;
		};
/* End XCBuildConfiguration section */

/* Begin XCConfigurationList section */
		C18A6E4C1FFEA5EC00A9879E /* Build configuration list for PBXProject "Homebugh" */ = {
			isa = XCConfigurationList;
			buildConfigurations = (
				C18A6E7A1FFEA5EC00A9879E /* Debug */,
				C18A6E7B1FFEA5EC00A9879E /* Release */,
			);
			defaultConfigurationIsVisible = 0;
			defaultConfigurationName = Release;
		};
		C18A6E7C1FFEA5EC00A9879E /* Build configuration list for PBXNativeTarget "Homebugh" */ = {
			isa = XCConfigurationList;
			buildConfigurations = (
				C18A6E7D1FFEA5EC00A9879E /* Debug */,
				C18A6E7E1FFEA5EC00A9879E /* Release */,
			);
			defaultConfigurationIsVisible = 0;
			defaultConfigurationName = Release;
		};
		C18A6E7F1FFEA5EC00A9879E /* Build configuration list for PBXNativeTarget "HomebughTests" */ = {
			isa = XCConfigurationList;
			buildConfigurations = (
				C18A6E801FFEA5EC00A9879E /* Debug */,
				C18A6E811FFEA5EC00A9879E /* Release */,
			);
			defaultConfigurationIsVisible = 0;
			defaultConfigurationName = Release;
		};
		C18A6E821FFEA5EC00A9879E /* Build configuration list for PBXNativeTarget "HomebughUITests" */ = {
			isa = XCConfigurationList;
			buildConfigurations = (
				C18A6E831FFEA5EC00A9879E /* Debug */,
				C18A6E841FFEA5EC00A9879E /* Release */,
			);
			defaultConfigurationIsVisible = 0;
			defaultConfigurationName = Release;
		};
/* End XCConfigurationList section */

/* Begin XCVersionGroup section */
		C18A6E5B1FFEA5EC00A9879E /* Homebugh.xcdatamodeld */ = {
			isa = XCVersionGroup;
			children = (
				C18A6E5C1FFEA5EC00A9879E /* Homebugh.xcdatamodel */,
			);
			currentVersion = C18A6E5C1FFEA5EC00A9879E /* Homebugh.xcdatamodel */;
			path = Homebugh.xcdatamodeld;
			sourceTree = "<group>";
			versionGroupType = wrapper.xcdatamodel;
		};
/* End XCVersionGroup section */
	};
	rootObject = C18A6E491FFEA5EC00A9879E /* Project object */;
}
